
Microsoft Visual Studio Solution File, Format Version 12.00
# Visual Studio 14
VisualStudioVersion = 14.0.23107.0
MinimumVisualStudioVersion = 10.0.40219.1
Project("{FAE04EC0-301F-11D3-BF4B-00C04F79EFBC}") = "SubSane", "SubSane\SubSane.csproj", "{B61A921B-7943-4110-B869-8F6EE3F03D0D}"
EndProject
Project("{FAE04EC0-301F-11D3-BF4B-00C04F79EFBC}") = "SubsonicAPI", "SubsonicAPI\SubsonicAPI.csproj", "{8EFE676D-0D2D-466A-B6D3-91F93FE71ADC}"
EndProject
Global
	GlobalSection(SolutionConfigurationPlatforms) = preSolution
		Debug|Any CPU = Debug|Any CPU
		Release|Any CPU = Release|Any CPU
	EndGlobalSection
	GlobalSection(ProjectConfigurationPlatforms) = postSolution
		{B61A921B-7943-4110-B869-8F6EE3F03D0D}.Debug|Any CPU.ActiveCfg = Debug|Any CPU
		{B61A921B-7943-4110-B869-8F6EE3F03D0D}.Debug|Any CPU.Build.0 = Debug|Any CPU
		{B61A921B-7943-4110-B869-8F6EE3F03D0D}.Release|Any CPU.ActiveCfg = Release|Any CPU
		{B61A921B-7943-4110-B869-8F6EE3F03D0D}.Release|Any CPU.Build.0 = Release|Any CPU
		{8EFE676D-0D2D-466A-B6D3-91F93FE71ADC}.Debug|Any CPU.ActiveCfg = Debug|Any CPU
		{8EFE676D-0D2D-466A-B6D3-91F93FE71ADC}.Debug|Any CPU.Build.0 = Debug|Any CPU
		{8EFE676D-0D2D-466A-B6D3-91F93FE71ADC}.Release|Any CPU.ActiveCfg = Release|Any CPU
		{8EFE676D-0D2D-466A-B6D3-91F93FE71ADC}.Release|Any CPU.Build.0 = Release|Any CPU
	EndGlobalSection
	GlobalSection(SolutionProperties) = preSolution
		HideSolutionNode = FALSE
	EndGlobalSection
EndGlobal
